PODS:
  - Alamofire (4.7.3)
  - Kingfisher (4.8.1)
  - Observable-Swift (0.7.0)
  - PKHUD (5.1.0)
  - SnapKit (4.0.0)
  - SQLite.swift (0.11.5):
    - SQLite.swift/standard (= 0.11.5)
  - SQLite.swift/standard (0.11.5)

DEPENDENCIES:
  - Alamofire
  - Kingfisher
  - Observable-Swift (from `https://github.com/devialet/Observable-Swift`, commit `16df73b73281dd5f3d72de27c32472115c56d509`)
  - PKHUD
  - SnapKit
  - SQLite.swift

SPEC REPOS:
  https://github.com/cocoapods/specs.git:
    - Alamofire
    - Kingfisher
    - PKHUD
    - SnapKit
    - SQLite.swift

EXTERNAL SOURCES:
  Observable-Swift:
    :commit: 16df73b73281dd5f3d72de27c32472115c56d509
    :git: https://github.com/devialet/Observable-Swift

CHECKOUT OPTIONS:
  Observable-Swift:
    :commit: 16df73b73281dd5f3d72de27c32472115c56d509
    :git: https://github.com/devialet/Observable-Swift

SPEC CHECKSUMS:
  Alamofire: c7287b6e5d7da964a70935e5db17046b7fde6568
  Kingfisher: 868c1149679a7ab6869be118faa9b5aed154aaf0
  Observable-Swift: 6704bff3b5c3e9a01b0db3c15287f3b6cad1c6b9
  PKHUD: 62ea46a1e88c4def1da784878d199bb54c841e3c
  SnapKit: a42d492c16e80209130a3379f73596c3454b7694
  SQLite.swift: 6e5356850bb1791459f8c16d6ee9195b28714a2e

PODFILE CHECKSUM: cfb9d9dc449c642d8f4688b88f9f3561288e2408

COCOAPODS: 1.5.3
